// !$*UTF8*$!
{
	archiveVersion = 1;
	classes = {
	};
	objectVersion = 51;
	objects = {

/* Begin PBXBuildFile section */
		486727032476DD1064A82D09 /* Pods_PlayerHubSample.framework in Frameworks */ = {isa = PBXBuildFile; fileRef = 0F55779E7B43E2CA5A8A027B /* Pods_PlayerHubSample.framework */; };
		B716A9A6235E9BE0005303A8 /* data.json in Resources */ = {isa = PBXBuildFile; fileRef = B716A9A5235E9BE0005303A8 /* data.json */; };
		B716A9A9235E9C77005303A8 /* DataCreator.swift in Sources */ = {isa = PBXBuildFile; fileRef = B716A9A8235E9C77005303A8 /* DataCreator.swift */; };
		B721358423604AF70069BB38 /* PlayerControlable.swift in Sources */ = {isa = PBXBuildFile; fileRef = B721358323604AF70069BB38 /* PlayerControlable.swift */; };
		B721358623604E1F0069BB38 /* NormalPlayerController.swift in Sources */ = {isa = PBXBuildFile; fileRef = B721358523604E1F0069BB38 /* NormalPlayerController.swift */; };
		B727A11D234F0C800026B2C1 /* AppDelegate.swift in Sources */ = {isa = PBXBuildFile; fileRef = B727A11C234F0C800026B2C1 /* AppDelegate.swift */; };
		B727A11F234F0C800026B2C1 /* SceneDelegate.swift in Sources */ = {isa = PBXBuildFile; fileRef = B727A11E234F0C800026B2C1 /* SceneDelegate.swift */; };
		B727A124234F0C800026B2C1 /* Main.storyboard in Resources */ = {isa = PBXBuildFile; fileRef = B727A122234F0C800026B2C1 /* Main.storyboard */; };
		B727A126234F0C820026B2C1 /* Assets.xcassets in Resources */ = {isa = PBXBuildFile; fileRef = B727A125234F0C820026B2C1 /* Assets.xcassets */; };
		B727A129234F0C820026B2C1 /* LaunchScreen.storyboard in Resources */ = {isa = PBXBuildFile; fileRef = B727A127234F0C820026B2C1 /* LaunchScreen.storyboard */; };
		B727A133234F0CA20026B2C1 /* Player.swift in Sources */ = {isa = PBXBuildFile; fileRef = B727A132234F0CA20026B2C1 /* Player.swift */; };
		B727A135234F0CAD0026B2C1 /* PlayerView.swift in Sources */ = {isa = PBXBuildFile; fileRef = B727A134234F0CAD0026B2C1 /* PlayerView.swift */; };
		B727A13B235028760026B2C1 /* NormalPlayerBoxControlView.swift in Sources */ = {isa = PBXBuildFile; fileRef = B727A13A235028760026B2C1 /* NormalPlayerBoxControlView.swift */; };
		B727A13E235029BC0026B2C1 /* BufferedSlider.swift in Sources */ = {isa = PBXBuildFile; fileRef = B727A13D235029BC0026B2C1 /* BufferedSlider.swift */; };
		B776194F235D4A5A00D64893 /* DouyinListTableViewController.swift in Sources */ = {isa = PBXBuildFile; fileRef = B776194E235D4A5A00D64893 /* DouyinListTableViewController.swift */; };
		B7761952235D4B2700D64893 /* DouyinCell.swift in Sources */ = {isa = PBXBuildFile; fileRef = B7761951235D4B2700D64893 /* DouyinCell.swift */; };
		B7890C5A2361792C00C0B4B9 /* FeedListTableViewController.swift in Sources */ = {isa = PBXBuildFile; fileRef = B7890C592361792C00C0B4B9 /* FeedListTableViewController.swift */; };
		B7890C5D2361794800C0B4B9 /* FeedCell.swift in Sources */ = {isa = PBXBuildFile; fileRef = B7890C5C2361794800C0B4B9 /* FeedCell.swift */; };
		B7890C5F2361797A00C0B4B9 /* FeedDetailViewController.swift in Sources */ = {isa = PBXBuildFile; fileRef = B7890C5E2361797A00C0B4B9 /* FeedDetailViewController.swift */; };
		B7890C622361931000C0B4B9 /* UIColor+hex.swift in Sources */ = {isa = PBXBuildFile; fileRef = B7890C612361931000C0B4B9 /* UIColor+hex.swift */; };
		B7E8B701235461380076A837 /* PlayerHub.swift in Sources */ = {isa = PBXBuildFile; fileRef = B7E8B700235461380076A837 /* PlayerHub.swift */; };
/* End PBXBuildFile section */

/* Begin PBXFileReference section */
		0B8AEB7A9EA40241F7E5B38C /* Pods-PlayerHubSample.release.xcconfig */ = {isa = PBXFileReference; includeInIndex = 1; lastKnownFileType = text.xcconfig; name = "Pods-PlayerHubSample.release.xcconfig"; path = "Target Support Files/Pods-PlayerHubSample/Pods-PlayerHubSample.release.xcconfig"; sourceTree = "<group>"; };
		0F55779E7B43E2CA5A8A027B /* Pods_PlayerHubSample.framework */ = {isa = PBXFileReference; explicitFileType = wrapper.framework; includeInIndex = 0; path = Pods_PlayerHubSample.framework; sourceTree = BUILT_PRODUCTS_DIR; };
		2FCF25D08B2F136CBEDA3D53 /* Pods-PlayerHubSample.debug.xcconfig */ = {isa = PBXFileReference; includeInIndex = 1; lastKnownFileType = text.xcconfig; name = "Pods-PlayerHubSample.debug.xcconfig"; path = "Target Support Files/Pods-PlayerHubSample/Pods-PlayerHubSample.debug.xcconfig"; sourceTree = "<group>"; };
		B716A9A5235E9BE0005303A8 /* data.json */ = {isa = PBXFileReference; fileEncoding = 4; lastKnownFileType = text.json; path = data.json; sourceTree = "<group>"; };
		B716A9A8235E9C77005303A8 /* DataCreator.swift */ = {isa = PBXFileReference; lastKnownFileType = sourcecode.swift; path = DataCreator.swift; sourceTree = "<group>"; };
		B721358323604AF70069BB38 /* PlayerControlable.swift */ = {isa = PBXFileReference; lastKnownFileType = sourcecode.swift; path = PlayerControlable.swift; sourceTree = "<group>"; };
		B721358523604E1F0069BB38 /* NormalPlayerController.swift */ = {isa = PBXFileReference; lastKnownFileType = sourcecode.swift; path = NormalPlayerController.swift; sourceTree = "<group>"; };
		B727A119234F0C800026B2C1 /* PlayerHubSample.app */ = {isa = PBXFileReference; explicitFileType = wrapper.application; includeInIndex = 0; path = PlayerHubSample.app; sourceTree = BUILT_PRODUCTS_DIR; };
		B727A11C234F0C800026B2C1 /* AppDelegate.swift */ = {isa = PBXFileReference; lastKnownFileType = sourcecode.swift; path = AppDelegate.swift; sourceTree = "<group>"; };
		B727A11E234F0C800026B2C1 /* SceneDelegate.swift */ = {isa = PBXFileReference; lastKnownFileType = sourcecode.swift; path = SceneDelegate.swift; sourceTree = "<group>"; };
		B727A123234F0C800026B2C1 /* Base */ = {isa = PBXFileReference; lastKnownFileType = file.storyboard; name = Base; path = Base.lproj/Main.storyboard; sourceTree = "<group>"; };
		B727A125234F0C820026B2C1 /* Assets.xcassets */ = {isa = PBXFileReference; lastKnownFileType = folder.assetcatalog; path = Assets.xcassets; sourceTree = "<group>"; };
		B727A128234F0C820026B2C1 /* Base */ = {isa = PBXFileReference; lastKnownFileType = file.storyboard; name = Base; path = Base.lproj/LaunchScreen.storyboard; sourceTree = "<group>"; };
		B727A12A234F0C820026B2C1 /* Info.plist */ = {isa = PBXFileReference; lastKnownFileType = text.plist.xml; path = Info.plist; sourceTree = "<group>"; };
		B727A132234F0CA20026B2C1 /* Player.swift */ = {isa = PBXFileReference; lastKnownFileType = sourcecode.swift; path = Player.swift; sourceTree = "<group>"; };
		B727A134234F0CAD0026B2C1 /* PlayerView.swift */ = {isa = PBXFileReference; lastKnownFileType = sourcecode.swift; path = PlayerView.swift; sourceTree = "<group>"; };
		B727A13A235028760026B2C1 /* NormalPlayerBoxControlView.swift */ = {isa = PBXFileReference; lastKnownFileType = sourcecode.swift; path = NormalPlayerBoxControlView.swift; sourceTree = "<group>"; };
		B727A13D235029BC0026B2C1 /* BufferedSlider.swift */ = {isa = PBXFileReference; lastKnownFileType = sourcecode.swift; path = BufferedSlider.swift; sourceTree = "<group>"; };
		B776194E235D4A5A00D64893 /* DouyinListTableViewController.swift */ = {isa = PBXFileReference; lastKnownFileType = sourcecode.swift; path = DouyinListTableViewController.swift; sourceTree = "<group>"; };
		B7761951235D4B2700D64893 /* DouyinCell.swift */ = {isa = PBXFileReference; lastKnownFileType = sourcecode.swift; path = DouyinCell.swift; sourceTree = "<group>"; };
		B7890C592361792C00C0B4B9 /* FeedListTableViewController.swift */ = {isa = PBXFileReference; lastKnownFileType = sourcecode.swift; path = FeedListTableViewController.swift; sourceTree = "<group>"; };
		B7890C5C2361794800C0B4B9 /* FeedCell.swift */ = {isa = PBXFileReference; lastKnownFileType = sourcecode.swift; path = FeedCell.swift; sourceTree = "<group>"; };
		B7890C5E2361797A00C0B4B9 /* FeedDetailViewController.swift */ = {isa = PBXFileReference; lastKnownFileType = sourcecode.swift; path = FeedDetailViewController.swift; sourceTree = "<group>"; };
		B7890C612361931000C0B4B9 /* UIColor+hex.swift */ = {isa = PBXFileReference; lastKnownFileType = sourcecode.swift; path = "UIColor+hex.swift"; sourceTree = "<group>"; };
		B7E8B700235461380076A837 /* PlayerHub.swift */ = {isa = PBXFileReference; lastKnownFileType = sourcecode.swift; path = PlayerHub.swift; sourceTree = "<group>"; };
/* End PBXFileReference section */

/* Begin PBXFrameworksBuildPhase section */
		B727A116234F0C800026B2C1 /* Frameworks */ = {
			isa = PBXFrameworksBuildPhase;
			buildActionMask = 2147483647;
			files = (
				486727032476DD1064A82D09 /* Pods_PlayerHubSample.framework in Frameworks */,
			);
			runOnlyForDeploymentPostprocessing = 0;
		};
/* End PBXFrameworksBuildPhase section */

/* Begin PBXGroup section */
		B716A9A4235E9BD2005303A8 /* Resource */ = {
			isa = PBXGroup;
			children = (
				B716A9A5235E9BE0005303A8 /* data.json */,
			);
			path = Resource;
			sourceTree = "<group>";
		};
		B716A9A7235E9C67005303A8 /* Data */ = {
			isa = PBXGroup;
			children = (
				B716A9A8235E9C77005303A8 /* DataCreator.swift */,
			);
			path = Data;
			sourceTree = "<group>";
		};
		B727A110234F0C800026B2C1 = {
			isa = PBXGroup;
			children = (
				B727A11B234F0C800026B2C1 /* PlayerHubSample */,
				B727A11A234F0C800026B2C1 /* Products */,
				FCAF83C88EDC753469F3546D /* Pods */,
				C6BB61431EBF07A5115DFF68 /* Frameworks */,
			);
			sourceTree = "<group>";
		};
		B727A11A234F0C800026B2C1 /* Products */ = {
			isa = PBXGroup;
			children = (
				B727A119234F0C800026B2C1 /* PlayerHubSample.app */,
			);
			name = Products;
			sourceTree = "<group>";
		};
		B727A11B234F0C800026B2C1 /* PlayerHubSample */ = {
			isa = PBXGroup;
			children = (
				B727A11C234F0C800026B2C1 /* AppDelegate.swift */,
				B727A11E234F0C800026B2C1 /* SceneDelegate.swift */,
				B716A9A4235E9BD2005303A8 /* Resource */,
				B727A13F23516B8E0026B2C1 /* Sample */,
				B727A130234F0C890026B2C1 /* PlayerHub */,
				B727A122234F0C800026B2C1 /* Main.storyboard */,
				B727A125234F0C820026B2C1 /* Assets.xcassets */,
				B727A127234F0C820026B2C1 /* LaunchScreen.storyboard */,
				B727A12A234F0C820026B2C1 /* Info.plist */,
			);
			path = PlayerHubSample;
			sourceTree = "<group>";
		};
		B727A130234F0C890026B2C1 /* PlayerHub */ = {
			isa = PBXGroup;
			children = (
				B7E8B6FF2354612C0076A837 /* Hub */,
				B727A136235024340026B2C1 /* UI */,
				B727A131234F0C900026B2C1 /* Player */,
			);
			path = PlayerHub;
			sourceTree = "<group>";
		};
		B727A131234F0C900026B2C1 /* Player */ = {
			isa = PBXGroup;
			children = (
				B727A132234F0CA20026B2C1 /* Player.swift */,
				B727A134234F0CAD0026B2C1 /* PlayerView.swift */,
			);
			path = Player;
			sourceTree = "<group>";
		};
		B727A136235024340026B2C1 /* UI */ = {
			isa = PBXGroup;
			children = (
				B742D007236050C60074D1DE /* Kit */,
				B727A139235028540026B2C1 /* Normal */,
			);
			path = UI;
			sourceTree = "<group>";
		};
		B727A139235028540026B2C1 /* Normal */ = {
			isa = PBXGroup;
			children = (
				B727A13A235028760026B2C1 /* NormalPlayerBoxControlView.swift */,
				B721358523604E1F0069BB38 /* NormalPlayerController.swift */,
			);
			path = Normal;
			sourceTree = "<group>";
		};
		B727A13F23516B8E0026B2C1 /* Sample */ = {
			isa = PBXGroup;
			children = (
				B7890C602361930100C0B4B9 /* Utils */,
				B716A9A7235E9C67005303A8 /* Data */,
				B776194D235D4A3D00D64893 /* DouyinList */,
				B7890C582361790900C0B4B9 /* FeedList */,
			);
			path = Sample;
			sourceTree = "<group>";
		};
		B742D007236050C60074D1DE /* Kit */ = {
			isa = PBXGroup;
			children = (
				B727A13D235029BC0026B2C1 /* BufferedSlider.swift */,
			);
			path = Kit;
			sourceTree = "<group>";
		};
		B776194D235D4A3D00D64893 /* DouyinList */ = {
			isa = PBXGroup;
			children = (
				B7761950235D4B1600D64893 /* View */,
				B776194E235D4A5A00D64893 /* DouyinListTableViewController.swift */,
			);
			path = DouyinList;
			sourceTree = "<group>";
		};
		B7761950235D4B1600D64893 /* View */ = {
			isa = PBXGroup;
			children = (
				B7761951235D4B2700D64893 /* DouyinCell.swift */,
			);
			path = View;
			sourceTree = "<group>";
		};
		B7890C582361790900C0B4B9 /* FeedList */ = {
			isa = PBXGroup;
			children = (
				B7890C5B2361793500C0B4B9 /* View */,
				B7890C592361792C00C0B4B9 /* FeedListTableViewController.swift */,
				B7890C5E2361797A00C0B4B9 /* FeedDetailViewController.swift */,
			);
			path = FeedList;
			sourceTree = "<group>";
		};
		B7890C5B2361793500C0B4B9 /* View */ = {
			isa = PBXGroup;
			children = (
				B7890C5C2361794800C0B4B9 /* FeedCell.swift */,
			);
			path = View;
			sourceTree = "<group>";
		};
		B7890C602361930100C0B4B9 /* Utils */ = {
			isa = PBXGroup;
			children = (
				B7890C612361931000C0B4B9 /* UIColor+hex.swift */,
			);
			path = Utils;
			sourceTree = "<group>";
		};
		B7E8B6FF2354612C0076A837 /* Hub */ = {
			isa = PBXGroup;
			children = (
				B7E8B700235461380076A837 /* PlayerHub.swift */,
				B721358323604AF70069BB38 /* PlayerControlable.swift */,
			);
			path = Hub;
			sourceTree = "<group>";
		};
		C6BB61431EBF07A5115DFF68 /* Frameworks */ = {
			isa = PBXGroup;
			children = (
				0F55779E7B43E2CA5A8A027B /* Pods_PlayerHubSample.framework */,
			);
			name = Frameworks;
			sourceTree = "<group>";
		};
		FCAF83C88EDC753469F3546D /* Pods */ = {
			isa = PBXGroup;
			children = (
				2FCF25D08B2F136CBEDA3D53 /* Pods-PlayerHubSample.debug.xcconfig */,
				0B8AEB7A9EA40241F7E5B38C /* Pods-PlayerHubSample.release.xcconfig */,
			);
			path = Pods;
			sourceTree = "<group>";
		};
/* End PBXGroup section */

/* Begin PBXNativeTarget section */
		B727A118234F0C800026B2C1 /* PlayerHubSample */ = {
			isa = PBXNativeTarget;
			buildConfigurationList = B727A12D234F0C820026B2C1 /* Build configuration list for PBXNativeTarget "PlayerHubSample" */;
			buildPhases = (
				F5E843BA72BE30D405F3393C /* [CP] Check Pods Manifest.lock */,
				B727A115234F0C800026B2C1 /* Sources */,
				B727A116234F0C800026B2C1 /* Frameworks */,
				B727A117234F0C800026B2C1 /* Resources */,
				07274C49E07D4CDD7DF49CAC /* [CP] Embed Pods Frameworks */,
			);
			buildRules = (
			);
			dependencies = (
			);
			name = PlayerHubSample;
			productName = PlayerHubSample;
			productReference = B727A119234F0C800026B2C1 /* PlayerHubSample.app */;
			productType = "com.apple.product-type.application";
		};
/* End PBXNativeTarget section */

/* Begin PBXProject section */
		B727A111234F0C800026B2C1 /* Project object */ = {
			isa = PBXProject;
			attributes = {
				LastSwiftUpdateCheck = 1100;
				LastUpgradeCheck = 1100;
				ORGANIZATIONNAME = Danis;
				TargetAttributes = {
					B727A118234F0C800026B2C1 = {
						CreatedOnToolsVersion = 11.0;
					};
				};
			};
			buildConfigurationList = B727A114234F0C800026B2C1 /* Build configuration list for PBXProject "PlayerHubSample" */;
			compatibilityVersion = "Xcode 9.3";
			developmentRegion = en;
			hasScannedForEncodings = 0;
			knownRegions = (
				en,
				Base,
			);
			mainGroup = B727A110234F0C800026B2C1;
			productRefGroup = B727A11A234F0C800026B2C1 /* Products */;
			projectDirPath = "";
			projectRoot = "";
			targets = (
				B727A118234F0C800026B2C1 /* PlayerHubSample */,
			);
		};
/* End PBXProject section */

/* Begin PBXResourcesBuildPhase section */
		B727A117234F0C800026B2C1 /* Resources */ = {
			isa = PBXResourcesBuildPhase;
			buildActionMask = 2147483647;
			files = (
				B727A129234F0C820026B2C1 /* LaunchScreen.storyboard in Resources */,
				B727A126234F0C820026B2C1 /* Assets.xcassets in Resources */,
				B727A124234F0C800026B2C1 /* Main.storyboard in Resources */,
				B716A9A6235E9BE0005303A8 /* data.json in Resources */,
			);
			runOnlyForDeploymentPostprocessing = 0;
		};
/* End PBXResourcesBuildPhase section */

/* Begin PBXShellScriptBuildPhase section */
		07274C49E07D4CDD7DF49CAC /* [CP] Embed Pods Frameworks */ = {
			isa = PBXShellScriptBuildPhase;
			buildActionMask = 2147483647;
			files = (
			);
			inputFileListPaths = (
				"${PODS_ROOT}/Target Support Files/Pods-PlayerHubSample/Pods-PlayerHubSample-frameworks-${CONFIGURATION}-input-files.xcfilelist",
			);
			name = "[CP] Embed Pods Frameworks";
			outputFileListPaths = (
				"${PODS_ROOT}/Target Support Files/Pods-PlayerHubSample/Pods-PlayerHubSample-frameworks-${CONFIGURATION}-output-files.xcfilelist",
			);
			runOnlyForDeploymentPostprocessing = 0;
			shellPath = /bin/sh;
			shellScript = "\"${PODS_ROOT}/Target Support Files/Pods-PlayerHubSample/Pods-PlayerHubSample-frameworks.sh\"\n";
			showEnvVarsInLog = 0;
		};
		F5E843BA72BE30D405F3393C /* [CP] Check Pods Manifest.lock */ = {
			isa = PBXShellScriptBuildPhase;
			buildActionMask = 2147483647;
			files = (
			);
			inputFileListPaths = (
			);
			inputPaths = (
				"${PODS_PODFILE_DIR_PATH}/Podfile.lock",
				"${PODS_ROOT}/Manifest.lock",
			);
			name = "[CP] Check Pods Manifest.lock";
			outputFileListPaths = (
			);
			outputPaths = (
				"$(DERIVED_FILE_DIR)/Pods-PlayerHubSample-checkManifestLockResult.txt",
			);
			runOnlyForDeploymentPostprocessing = 0;
			shellPath = /bin/sh;
			shellScript = "diff \"${PODS_PODFILE_DIR_PATH}/Podfile.lock\" \"${PODS_ROOT}/Manifest.lock\" > /dev/null\nif [ $? != 0 ] ; then\n    # print error to STDERR\n    echo \"error: The sandbox is not in sync with the Podfile.lock. Run 'pod install' or update your CocoaPods installation.\" >&2\n    exit 1\nfi\n# This output is used by Xcode 'outputs' to avoid re-running this script phase.\necho \"SUCCESS\" > \"${SCRIPT_OUTPUT_FILE_0}\"\n";
			showEnvVarsInLog = 0;
		};
/* End PBXShellScriptBuildPhase section */

/* Begin PBXSourcesBuildPhase section */
		B727A115234F0C800026B2C1 /* Sources */ = {
			isa = PBXSourcesBuildPhase;
			buildActionMask = 2147483647;
			files = (
				B7761952235D4B2700D64893 /* DouyinCell.swift in Sources */,
				B727A133234F0CA20026B2C1 /* Player.swift in Sources */,
				B7E8B701235461380076A837 /* PlayerHub.swift in Sources */,
				B776194F235D4A5A00D64893 /* DouyinListTableViewController.swift in Sources */,
				B727A13B235028760026B2C1 /* NormalPlayerBoxControlView.swift in Sources */,
				B727A11D234F0C800026B2C1 /* AppDelegate.swift in Sources */,
				B721358623604E1F0069BB38 /* NormalPlayerController.swift in Sources */,
				B727A13E235029BC0026B2C1 /* BufferedSlider.swift in Sources */,
				B7890C5A2361792C00C0B4B9 /* FeedListTableViewController.swift in Sources */,
				B727A135234F0CAD0026B2C1 /* PlayerView.swift in Sources */,
				B7890C5F2361797A00C0B4B9 /* FeedDetailViewController.swift in Sources */,
				B716A9A9235E9C77005303A8 /* DataCreator.swift in Sources */,
				B7890C5D2361794800C0B4B9 /* FeedCell.swift in Sources */,
				B7890C622361931000C0B4B9 /* UIColor+hex.swift in Sources */,
				B721358423604AF70069BB38 /* PlayerControlable.swift in Sources */,
				B727A11F234F0C800026B2C1 /* SceneDelegate.swift in Sources */,
			);
			runOnlyForDeploymentPostprocessing = 0;
		};
/* End PBXSourcesBuildPhase section */

/* Begin PBXVariantGroup section */
		B727A122234F0C800026B2C1 /* Main.storyboard */ = {
			isa = PBXVariantGroup;
			children = (
				B727A123234F0C800026B2C1 /* Base */,
			);
			name = Main.storyboard;
			sourceTree = "<group>";
		};
		B727A127234F0C820026B2C1 /* LaunchScreen.storyboard */ = {
			isa = PBXVariantGroup;
			children = (
				B727A128234F0C820026B2C1 /* Base */,
			);
			name = LaunchScreen.storyboard;
			sourceTree = "<group>";
		};
/* End PBXVariantGroup section */

/* Begin XCBuildConfiguration section */
		B727A12B234F0C820026B2C1 /* Debug */ = {
			isa = XCBuildConfiguration;
			buildSettings = {
				ALWAYS_SEARCH_USER_PATHS = NO;
				CLANG_ANALYZER_NONNULL = YES;
				CLANG_ANALYZER_NUMBER_OBJECT_CONVERSION = YES_AGGRESSIVE;
				CLANG_CXX_LANGUAGE_STANDARD = "gnu++14";
				CLANG_CXX_LIBRARY = "libc++";
				CLANG_ENABLE_MODULES = YES;
				CLANG_ENABLE_OBJC_ARC = YES;
				CLANG_ENABLE_OBJC_WEAK = YES;
				CLANG_WARN_BLOCK_CAPTURE_AUTORELEASING = YES;
				CLANG_WARN_BOOL_CONVERSION = YES;
				CLANG_WARN_COMMA = YES;
				CLANG_WARN_CONSTANT_CONVERSION = YES;
				CLANG_WARN_DEPRECATED_OBJC_IMPLEMENTATIONS = YES;
				CLANG_WARN_DIRECT_OBJC_ISA_USAGE = YES_ERROR;
				CLANG_WARN_DOCUMENTATION_COMMENTS = YES;
				CLANG_WARN_EMPTY_BODY = YES;
				CLANG_WARN_ENUM_CONVERSION = YES;
				CLANG_WARN_INFINITE_RECURSION = YES;
				CLANG_WARN_INT_CONVERSION = YES;
				CLANG_WARN_NON_LITERAL_NULL_CONVERSION = YES;
				CLANG_WARN_OBJC_IMPLICIT_RETAIN_SELF = YES;
				CLANG_WARN_OBJC_LITERAL_CONVERSION = YES;
				CLANG_WARN_OBJC_ROOT_CLASS = YES_ERROR;
				CLANG_WARN_RANGE_LOOP_ANALYSIS = YES;
				CLANG_WARN_STRICT_PROTOTYPES = YES;
				CLANG_WARN_SUSPICIOUS_MOVE = YES;
				CLANG_WARN_UNGUARDED_AVAILABILITY = YES_AGGRESSIVE;
				CLANG_WARN_UNREACHABLE_CODE = YES;
				CLANG_WARN__DUPLICATE_METHOD_MATCH = YES;
				COPY_PHASE_STRIP = NO;
				DEBUG_INFORMATION_FORMAT = dwarf;
				ENABLE_STRICT_OBJC_MSGSEND = YES;
				ENABLE_TESTABILITY = YES;
				GCC_C_LANGUAGE_STANDARD = gnu11;
				GCC_DYNAMIC_NO_PIC = NO;
				GCC_NO_COMMON_BLOCKS = YES;
				GCC_OPTIMIZATION_LEVEL = 0;
				GCC_PREPROCESSOR_DEFINITIONS = (
					"DEBUG=1",
					"$(inherited)",
				);
				GCC_WARN_64_TO_32_BIT_CONVERSION = YES;
				GCC_WARN_ABOUT_RETURN_TYPE = YES_ERROR;
				GCC_WARN_UNDECLARED_SELECTOR = YES;
				GCC_WARN_UNINITIALIZED_AUTOS = YES_AGGRESSIVE;
				GCC_WARN_UNUSED_FUNCTION = YES;
				GCC_WARN_UNUSED_VARIABLE = YES;
				IPHONEOS_DEPLOYMENT_TARGET = 13.0;
				MTL_ENABLE_DEBUG_INFO = INCLUDE_SOURCE;
				MTL_FAST_MATH = YES;
				ONLY_ACTIVE_ARCH = YES;
				SDKROOT = iphoneos;
				SWIFT_ACTIVE_COMPILATION_CONDITIONS = DEBUG;
				SWIFT_OPTIMIZATION_LEVEL = "-Onone";
			};
			name = Debug;
		};
		B727A12C234F0C820026B2C1 /* Release */ = {
			isa = XCBuildConfiguration;
			buildSettings = {
				ALWAYS_SEARCH_USER_PATHS = NO;
				CLANG_ANALYZER_NONNULL = YES;
				CLANG_ANALYZER_NUMBER_OBJECT_CONVERSION = YES_AGGRESSIVE;
				CLANG_CXX_LANGUAGE_STANDARD = "gnu++14";
				CLANG_CXX_LIBRARY = "libc++";
				CLANG_ENABLE_MODULES = YES;
				CLANG_ENABLE_OBJC_ARC = YES;
				CLANG_ENABLE_OBJC_WEAK = YES;
				CLANG_WARN_BLOCK_CAPTURE_AUTORELEASING = YES;
				CLANG_WARN_BOOL_CONVERSION = YES;
				CLANG_WARN_COMMA = YES;
				CLANG_WARN_CONSTANT_CONVERSION = YES;
				CLANG_WARN_DEPRECATED_OBJC_IMPLEMENTATIONS = YES;
				CLANG_WARN_DIRECT_OBJC_ISA_USAGE = YES_ERROR;
				CLANG_WARN_DOCUMENTATION_COMMENTS = YES;
				CLANG_WARN_EMPTY_BODY = YES;
				CLANG_WARN_ENUM_CONVERSION = YES;
				CLANG_WARN_INFINITE_RECURSION = YES;
				CLANG_WARN_INT_CONVERSION = YES;
				CLANG_WARN_NON_LITERAL_NULL_CONVERSION = YES;
				CLANG_WARN_OBJC_IMPLICIT_RETAIN_SELF = YES;
				CLANG_WARN_OBJC_LITERAL_CONVERSION = YES;
				CLANG_WARN_OBJC_ROOT_CLASS = YES_ERROR;
				CLANG_WARN_RANGE_LOOP_ANALYSIS = YES;
				CLANG_WARN_STRICT_PROTOTYPES = YES;
				CLANG_WARN_SUSPICIOUS_MOVE = YES;
				CLANG_WARN_UNGUARDED_AVAILABILITY = YES_AGGRESSIVE;
				CLANG_WARN_UNREACHABLE_CODE = YES;
				CLANG_WARN__DUPLICATE_METHOD_MATCH = YES;
				COPY_PHASE_STRIP = NO;
				DEBUG_INFORMATION_FORMAT = "dwarf-with-dsym";
				ENABLE_NS_ASSERTIONS = NO;
				ENABLE_STRICT_OBJC_MSGSEND = YES;
				GCC_C_LANGUAGE_STANDARD = gnu11;
				GCC_NO_COMMON_BLOCKS = YES;
				GCC_WARN_64_TO_32_BIT_CONVERSION = YES;
				GCC_WARN_ABOUT_RETURN_TYPE = YES_ERROR;
				GCC_WARN_UNDECLARED_SELECTOR = YES;
				GCC_WARN_UNINITIALIZED_AUTOS = YES_AGGRESSIVE;
				GCC_WARN_UNUSED_FUNCTION = YES;
				GCC_WARN_UNUSED_VARIABLE = YES;
				IPHONEOS_DEPLOYMENT_TARGET = 13.0;
				MTL_ENABLE_DEBUG_INFO = NO;
				MTL_FAST_MATH = YES;
				SDKROOT = iphoneos;
				SWIFT_COMPILATION_MODE = wholemodule;
				SWIFT_OPTIMIZATION_LEVEL = "-O";
				VALIDATE_PRODUCT = YES;
			};
			name = Release;
		};
		B727A12E234F0C820026B2C1 /* Debug */ = {
			isa = XCBuildConfiguration;
			baseConfigurationReference = 2FCF25D08B2F136CBEDA3D53 /* Pods-PlayerHubSample.debug.xcconfig */;
			buildSettings = {
				ASSETCATALOG_COMPILER_APPICON_NAME = AppIcon;
				CODE_SIGN_STYLE = Automatic;
				DEVELOPMENT_TEAM = 87EPALR25V;
				INFOPLIST_FILE = PlayerHubSample/Info.plist;
				LD_RUNPATH_SEARCH_PATHS = (
					"$(inherited)",
					"@executable_path/Frameworks",
				);
				PRODUCT_BUNDLE_IDENTIFIER = com.danis.PlayerHubSample;
				PRODUCT_NAME = "$(TARGET_NAME)";
				SWIFT_VERSION = 5.0;
				TARGETED_DEVICE_FAMILY = "1,2";
			};
			name = Debug;
		};
		B727A12F234F0C820026B2C1 /* Release */ = {
			isa = XCBuildConfiguration;
			baseConfigurationReference = 0B8AEB7A9EA40241F7E5B38C /* Pods-PlayerHubSample.release.xcconfig */;
			buildSettings = {
				ASSETCATALOG_COMPILER_APPICON_NAME = AppIcon;
				CODE_SIGN_STYLE = Automatic;
				DEVELOPMENT_TEAM = 87EPALR25V;
				INFOPLIST_FILE = PlayerHubSample/Info.plist;
				LD_RUNPATH_SEARCH_PATHS = (
					"$(inherited)",
					"@executable_path/Frameworks",
				);
				PRODUCT_BUNDLE_IDENTIFIER = com.danis.PlayerHubSample;
				PRODUCT_NAME = "$(TARGET_NAME)";
				SWIFT_VERSION = 5.0;
				TARGETED_DEVICE_FAMILY = "1,2";
			};
			name = Release;
		};
/* End XCBuildConfiguration section */

/* Begin XCConfigurationList section */
		B727A114234F0C800026B2C1 /* Build configuration list for PBXProject "PlayerHubSample" */ = {
			isa = XCConfigurationList;
			buildConfigurations = (
				B727A12B234F0C820026B2C1 /* Debug */,
				B727A12C234F0C820026B2C1 /* Release */,
			);
			defaultConfigurationIsVisible = 0;
			defaultConfigurationName = Release;
		};
		B727A12D234F0C820026B2C1 /* Build configuration list for PBXNativeTarget "PlayerHubSample" */ = {
			isa = XCConfigurationList;
			buildConfigurations = (
				B727A12E234F0C820026B2C1 /* Debug */,
				B727A12F234F0C820026B2C1 /* Release */,
			);
			defaultConfigurationIsVisible = 0;
			defaultConfigurationName = Release;
		};
/* End XCConfigurationList section */
	};
	rootObject = B727A111234F0C800026B2C1 /* Project object */;
}
